
Microsoft Visual Studio Solution File, Format Version 12.00
# Visual Studio Version 16
VisualStudioVersion = 16.0.31205.134
MinimumVisualStudioVersion = 10.0.40219.1
Project("{FAE04EC0-301F-11D3-BF4B-00C04F79EFBC}") = "Crypte", "Crypte.csproj", "{402C3E74-6B52-439D-B806-860AD98EDA7F}"
EndProject
Global
	GlobalSection(SolutionConfigurationPlatforms) = preSolution
		Debug|Any CPU = Debug|Any CPU
		Release|Any CPU = Release|Any CPU
	EndGlobalSection
	GlobalSection(ProjectConfigurationPlatforms) = postSolution
		{402C3E74-6B52-439D-B806-860AD98EDA7F}.Debug|Any CPU.ActiveCfg = Debug|Any CPU
		{402C3E74-6B52-439D-B806-860AD98EDA7F}.Debug|Any CPU.Build.0 = Debug|Any CPU
		{402C3E74-6B52-439D-B806-860AD98EDA7F}.Release|Any CPU.ActiveCfg = Release|Any CPU
		{402C3E74-6B52-439D-B806-860AD98EDA7F}.Release|Any CPU.Build.0 = Release|Any CPU
	EndGlobalSection
	GlobalSection(SolutionProperties) = preSolution
		HideSolutionNode = FALSE
	EndGlobalSection
	GlobalSection(ExtensibilityGlobals) = postSolution
		SolutionGuid = {D8E8810B-B44D-4559-8B19-29DB068959CB}
	EndGlobalSection
EndGlobal
